
Microsoft Visual Studio Solution File, Format Version 12.00
# Visual Studio Version 16
VisualStudioVersion = 16.0.30907.101
MinimumVisualStudioVersion = 10.0.40219.1
Project("{FAE04EC0-301F-11D3-BF4B-00C04F79EFBC}") = "ClassDemoMetot", "ClassDemoMetot\ClassDemoMetot.csproj", "{A789A6F6-FC15-4EC9-92DB-818213BD55BE}"
EndProject
Global
	GlobalSection(SolutionConfigurationPlatforms) = preSolution
		Debug|Any CPU = Debug|Any CPU
		Release|Any CPU = Release|Any CPU
	EndGlobalSection
	GlobalSection(ProjectConfigurationPlatforms) = postSolution
		{A789A6F6-FC15-4EC9-92DB-818213BD55BE}.Debug|Any CPU.ActiveCfg = Debug|Any CPU
		{A789A6F6-FC15-4EC9-92DB-818213BD55BE}.Debug|Any CPU.Build.0 = Debug|Any CPU
		{A789A6F6-FC15-4EC9-92DB-818213BD55BE}.Release|Any CPU.ActiveCfg = Release|Any CPU
		{A789A6F6-FC15-4EC9-92DB-818213BD55BE}.Release|Any CPU.Build.0 = Release|Any CPU
	EndGlobalSection
	GlobalSection(SolutionProperties) = preSolution
		HideSolutionNode = FALSE
	EndGlobalSection
	GlobalSection(ExtensibilityGlobals) = postSolution
		SolutionGuid = {53A1C784-F4A7-4700-A232-6775BE4E4D53}
	EndGlobalSection
EndGlobal
